{
    "name": "flashcard-generator",
    "version": "1.0.0",
    "lockfileVersion": 2,
    "requires": true,
    "packages": {
        "": {
            "name": "flashcard-generator",
            "version": "1.0.0",
            "license": "ISC",
            "dependencies": {
                "parse-markdown-table": "^0.0.6",
                "sanitize-filename": "^1.6.3",
                "yargs": "^17.3.1"
            }
        },
        "node_modules/@babel/runtime": {
            "version": "7.16.7",
            "resolved": "https://registry.npmjs.org/@babel/runtime/-/runtime-7.16.7.tgz",
            "integrity": "sha512-9E9FJowqAsytyOY6LG+1KuueckRL+aQW+mKvXRXnuFGyRAyepJPmEo9vgMfXUA6O9u3IeEdv9MAkppFcaQwogQ==",
            "dependencies": {
                "regenerator-runtime": "^0.13.4"
            },
            "engines": {
                "node": ">=6.9.0"
            }
        },
        "node_modules/@babel/runtime-corejs2": {
            "version": "7.16.7",
            "resolved": "https://registry.npmjs.org/@babel/runtime-corejs2/-/runtime-corejs2-7.16.7.tgz",
            "integrity": "sha512-ec0BM0J/9M5Cncha++AlgvvDlk+uM+m6f7K0t74ClcYzsE8LgX4RstRreksMSCI82o3LJS//UswmA0pUWkJpqg==",
            "dependencies": {
                "core-js": "^2.6.5",
                "regenerator-runtime": "^0.13.4"
            },
            "engines": {
                "node": ">=6.9.0"
            }
        },
        "node_modules/@types/node": {
            "version": "14.18.4",
            "resolved": "https://registry.npmjs.org/@types/node/-/node-14.18.4.tgz",
            "integrity": "sha512-swe3lD4izOJWHuxvsZdDFRq6S9i6koJsXOnQKYekhSO5JTizMVirUFgY/bUsaOJQj8oSD4oxmRYPBM/0b6jpdw=="
        },
        "node_modules/advanced-map-base": {
            "version": "0.0.4",
            "resolved": "https://registry.npmjs.org/advanced-map-base/-/advanced-map-base-0.0.4.tgz",
            "integrity": "sha512-auTlMKEPMll9I6InsV7XNbDRfTra8u9kBd73/rSe0VuzYFFyAU5mb41wpV8Urs/1CYb+ysE+FetN6zRxfhC0EQ==",
            "dependencies": {
                "@types/node": "^13.1.6",
                "advanced-map-types": "^0.0.4",
                "tslib": "^1.10.0",
                "typescript-miscellaneous": "^0.1.1"
            },
            "engines": {
                "node": ">= 8.9.0"
            }
        },
        "node_modules/advanced-map-base/node_modules/@types/node": {
            "version": "13.13.52",
            "resolved": "https://registry.npmjs.org/@types/node/-/node-13.13.52.tgz",
            "integrity": "sha512-s3nugnZumCC//n4moGGe6tkNMyYEdaDBitVjwPxXmR5lnMG5dHePinH2EdxkG3Rh1ghFHHixAG4NJhpJW1rthQ=="
        },
        "node_modules/advanced-map-base/node_modules/tslib": {
            "version": "1.14.1",
            "resolved": "https://registry.npmjs.org/tslib/-/tslib-1.14.1.tgz",
            "integrity": "sha512-Xni35NKzjgMrwevysHTCArtLDpPvye8zV/0E4EyYn43P7/7qvQwPh9BGkHewbMulVntbigmcT7rdX3BNo9wRJg=="
        },
        "node_modules/advanced-map-initialized": {
            "version": "0.0.4",
            "resolved": "https://registry.npmjs.org/advanced-map-initialized/-/advanced-map-initialized-0.0.4.tgz",
            "integrity": "sha512-mvPQ6Q1ZwUZ3Uwseh/8jog/PC2E6OmmpUYir5+eGkBw0eoMYAF880qYL1NTIS9k5jW1NExyV2ADoqVLzZ4pePA==",
            "dependencies": {
                "@types/node": "^13.1.6",
                "advanced-map-base": "^0.0.4",
                "advanced-map-types": "^0.0.4",
                "tslib": "^1.10.0"
            },
            "engines": {
                "node": ">= 8.9.0"
            }
        },
        "node_modules/advanced-map-initialized/node_modules/@types/node": {
            "version": "13.13.52",
            "resolved": "https://registry.npmjs.org/@types/node/-/node-13.13.52.tgz",
            "integrity": "sha512-s3nugnZumCC//n4moGGe6tkNMyYEdaDBitVjwPxXmR5lnMG5dHePinH2EdxkG3Rh1ghFHHixAG4NJhpJW1rthQ=="
        },
        "node_modules/advanced-map-initialized/node_modules/tslib": {
            "version": "1.14.1",
            "resolved": "https://registry.npmjs.org/tslib/-/tslib-1.14.1.tgz",
            "integrity": "sha512-Xni35NKzjgMrwevysHTCArtLDpPvye8zV/0E4EyYn43P7/7qvQwPh9BGkHewbMulVntbigmcT7rdX3BNo9wRJg=="
        },
        "node_modules/advanced-map-types": {
            "version": "0.0.4",
            "resolved": "https://registry.npmjs.org/advanced-map-types/-/advanced-map-types-0.0.4.tgz",
            "integrity": "sha512-1z2ags9Y3SbsvRBsANA60J8HGfWeEOnrFwavN72EIQVCt/iFB6fujjvf8dwER7Xpo7tttPfxWxnLnvCiFHU7hA==",
            "dependencies": {
                "@types/node": "^13.1.6",
                "tslib": "^1.10.0",
                "typescript-miscellaneous": "^0.1.1"
            },
            "engines": {
                "node": ">= 8.9.0"
            }
        },
        "node_modules/advanced-map-types/node_modules/@types/node": {
            "version": "13.13.52",
            "resolved": "https://registry.npmjs.org/@types/node/-/node-13.13.52.tgz",
            "integrity": "sha512-s3nugnZumCC//n4moGGe6tkNMyYEdaDBitVjwPxXmR5lnMG5dHePinH2EdxkG3Rh1ghFHHixAG4NJhpJW1rthQ=="
        },
        "node_modules/advanced-map-types/node_modules/tslib": {
            "version": "1.14.1",
            "resolved": "https://registry.npmjs.org/tslib/-/tslib-1.14.1.tgz",
            "integrity": "sha512-Xni35NKzjgMrwevysHTCArtLDpPvye8zV/0E4EyYn43P7/7qvQwPh9BGkHewbMulVntbigmcT7rdX3BNo9wRJg=="
        },
        "node_modules/ansi-regex": {
            "version": "5.0.1",
            "resolved": "https://registry.npmjs.org/ansi-regex/-/ansi-regex-5.0.1.tgz",
            "integrity": "sha512-quJQXlTSUGL2LH9SUXo8VwsY4soanhgo6LNSm84E1LBcE8s3O0wpdiRzyR9z/ZZJMlMWv37qOOb9pdJlMUEKFQ==",
            "engines": {
                "node": ">=8"
            }
        },
        "node_modules/ansi-styles": {
            "version": "4.3.0",
            "resolved": "https://registry.npmjs.org/ansi-styles/-/ansi-styles-4.3.0.tgz",
            "integrity": "sha512-zbB9rCJAT1rbjiVDb2hqKFHNYLxgtk8NURxZ3IZwD3F6NtxbXZQCnnSi1Lkx+IDohdPlFp222wVALIheZJQSEg==",
            "dependencies": {
                "color-convert": "^2.0.1"
            },
            "engines": {
                "node": ">=8"
            },
            "funding": {
                "url": "https://github.com/chalk/ansi-styles?sponsor=1"
            }
        },
        "node_modules/cliui": {
            "version": "7.0.4",
            "resolved": "https://registry.npmjs.org/cliui/-/cliui-7.0.4.tgz",
            "integrity": "sha512-OcRE68cOsVMXp1Yvonl/fzkQOyjLSu/8bhPDfQt0e0/Eb283TKP20Fs2MqoPsr9SwA595rRCA+QMzYc9nBP+JQ==",
            "dependencies": {
                "string-width": "^4.2.0",
                "strip-ansi": "^6.0.0",
                "wrap-ansi": "^7.0.0"
            }
        },
        "node_modules/color-convert": {
            "version": "2.0.1",
            "resolved": "https://registry.npmjs.org/color-convert/-/color-convert-2.0.1.tgz",
            "integrity": "sha512-RRECPsj7iu/xb5oKYcsFHSppFNnsj/52OVTRKb4zP5onXwVF3zVmmToNcOfGC+CRDpfK/U584fMg38ZHCaElKQ==",
            "dependencies": {
                "color-name": "~1.1.4"
            },
            "engines": {
                "node": ">=7.0.0"
            }
        },
        "node_modules/color-name": {
            "version": "1.1.4",
            "resolved": "https://registry.npmjs.org/color-name/-/color-name-1.1.4.tgz",
            "integrity": "sha512-dOy+3AuW3a2wNbZHIuMZpTcgjGuLU/uBL/ubcZF9OXbDo8ff4O8yVp5Bf0efS8uEoYo5q4Fx7dY9OgQGXgAsQA=="
        },
        "node_modules/core-js": {
            "version": "2.6.12",
            "resolved": "https://registry.npmjs.org/core-js/-/core-js-2.6.12.tgz",
            "integrity": "sha512-Kb2wC0fvsWfQrgk8HU5lW6U/Lcs8+9aaYcy4ZFc6DDlo4nZ7n70dEgE5rtR0oG6ufKDUnrwfWL1mXR5ljDatrQ==",
            "deprecated": "core-js@<3.4 is no longer maintained and not recommended for usage due to the number of issues. Because of the V8 engine whims, feature detection in old core-js versions could cause a slowdown up to 100x even if nothing is polyfilled. Please, upgrade your dependencies to the actual version of core-js.",
            "hasInstallScript": true
        },
        "node_modules/dequeue": {
            "version": "1.0.5",
            "resolved": "https://registry.npmjs.org/dequeue/-/dequeue-1.0.5.tgz",
            "integrity": "sha1-EPHO8H4yNLIdyzj0v6LWYDSrZ8c=",
            "engines": {
                "node": "*"
            }
        },
        "node_modules/emoji-regex": {
            "version": "8.0.0",
            "resolved": "https://registry.npmjs.org/emoji-regex/-/emoji-regex-8.0.0.tgz",
            "integrity": "sha512-MSjYzcWNOA0ewAHpz0MxpYFvwg6yjy1NG3xteoqz644VCo/RPgnr1/GGt+ic3iJTzQ8Eu3TdM14SawnVUmGE6A=="
        },
        "node_modules/escalade": {
            "version": "3.1.1",
            "resolved": "https://registry.npmjs.org/escalade/-/escalade-3.1.1.tgz",
            "integrity": "sha512-k0er2gUkLf8O0zKJiAhmkTnJlTvINGv7ygDNPbeIsX/TJjGJZHuh9B2UxbsaEkmlEo9MfhrSzmhIlhRlI2GXnw==",
            "engines": {
                "node": ">=6"
            }
        },
        "node_modules/get-caller-file": {
            "version": "2.0.5",
            "resolved": "https://registry.npmjs.org/get-caller-file/-/get-caller-file-2.0.5.tgz",
            "integrity": "sha512-DyFP3BM/3YHTQOCUL/w0OZHR0lpKeGrxotcHWcqNEdnltqFwXVfhEBQ94eIo34AfQpo0rGki4cyIiftY06h2Fg==",
            "engines": {
                "node": "6.* || 8.* || >= 10.*"
            }
        },
        "node_modules/is-fullwidth-code-point": {
            "version": "3.0.0",
            "resolved": "https://registry.npmjs.org/is-fullwidth-code-point/-/is-fullwidth-code-point-3.0.0.tgz",
            "integrity": "sha512-zymm5+u+sCsSWyD9qNaejV3DFvhCKclKdizYaJUuHA83RLjb7nSuGnddCHGv0hk+KY7BMAlsWeK4Ueg6EV6XQg==",
            "engines": {
                "node": ">=8"
            }
        },
        "node_modules/iter-tools": {
            "version": "6.2.6",
            "resolved": "https://registry.npmjs.org/iter-tools/-/iter-tools-6.2.6.tgz",
            "integrity": "sha512-DlBSv7cIrM214wYFxyz4vg98BmEpxFTGx37ei/ktYT05shJHoDwz7wuaPx3XhaJi1uGEc5bM+vUBWhm3z6yNIg==",
            "dependencies": {
                "@babel/runtime": "^7.0.0",
                "@babel/runtime-corejs2": "^7.1.5",
                "dequeue": "^1.0.5",
                "little-ds-toolkit": "^1.1.0",
                "typescript-tuple": "^2.1.0",
                "typescript-union": "^0.1.0",
                "utility-types": "^3.2.1"
            }
        },
        "node_modules/little-ds-toolkit": {
            "version": "1.1.1",
            "resolved": "https://registry.npmjs.org/little-ds-toolkit/-/little-ds-toolkit-1.1.1.tgz",
            "integrity": "sha512-Zl5flhnd5W6nhRCyoL1bNlU8M5CWFp6SItMmK4pj39LKgzQD7LGg591OJ0jwDKat7mjHvJVkOyJT+BXOQH4iXw=="
        },
        "node_modules/parse-markdown-table": {
            "version": "0.0.6",
            "resolved": "https://registry.npmjs.org/parse-markdown-table/-/parse-markdown-table-0.0.6.tgz",
            "integrity": "sha512-x0j5JB8qrLa4tBsW9RU4F3ZPPBXMs6fccH7jgLXQhAZrptvv5DaJXtmpKKkZvZYyRAXF6HI83fGUp3RND65Wkg==",
            "dependencies": {
                "@types/node": "^14.6.0",
                "string-stream-utils": "^0.0.4",
                "table-parser-base": "^0.0.5",
                "tslib": "^2.0.1"
            }
        },
        "node_modules/regenerator-runtime": {
            "version": "0.13.9",
            "resolved": "https://registry.npmjs.org/regenerator-runtime/-/regenerator-runtime-0.13.9.tgz",
            "integrity": "sha512-p3VT+cOEgxFsRRA9X4lkI1E+k2/CtnKtU4gcxyaCUreilL/vqI6CdZ3wxVUx3UOUg+gnUOQQcRI7BmSI656MYA=="
        },
        "node_modules/require-directory": {
            "version": "2.1.1",
            "resolved": "https://registry.npmjs.org/require-directory/-/require-directory-2.1.1.tgz",
            "integrity": "sha1-jGStX9MNqxyXbiNE/+f3kqam30I=",
            "engines": {
                "node": ">=0.10.0"
            }
        },
        "node_modules/sanitize-filename": {
            "version": "1.6.3",
            "resolved": "https://registry.npmjs.org/sanitize-filename/-/sanitize-filename-1.6.3.tgz",
            "integrity": "sha512-y/52Mcy7aw3gRm7IrcGDFx/bCk4AhRh2eI9luHOQM86nZsqwiRkkq2GekHXBBD+SmPidc8i2PqtYZl+pWJ8Oeg==",
            "dependencies": {
                "truncate-utf8-bytes": "^1.0.0"
            }
        },
        "node_modules/string-stream-utils": {
            "version": "0.0.4",
            "resolved": "https://registry.npmjs.org/string-stream-utils/-/string-stream-utils-0.0.4.tgz",
            "integrity": "sha512-G3lY8tnUvOlefwxMZRjk6grELUfyvUwejx4v0AMY6medG+flO+XmpKlRJwgSDsYugezgVCzX/8mqpLl5fC7MpQ==",
            "dependencies": {
                "@types/node": "^14.6.0",
                "tslib": "^2.0.1"
            }
        },
        "node_modules/string-width": {
            "version": "4.2.3",
            "resolved": "https://registry.npmjs.org/string-width/-/string-width-4.2.3.tgz",
            "integrity": "sha512-wKyQRQpjJ0sIp62ErSZdGsjMJWsap5oRNihHhu6G7JVO/9jIB6UyevL+tXuOqrng8j/cxKTWyWUwvSTriiZz/g==",
            "dependencies": {
                "emoji-regex": "^8.0.0",
                "is-fullwidth-code-point": "^3.0.0",
                "strip-ansi": "^6.0.1"
            },
            "engines": {
                "node": ">=8"
            }
        },
        "node_modules/strip-ansi": {
            "version": "6.0.1",
            "resolved": "https://registry.npmjs.org/strip-ansi/-/strip-ansi-6.0.1.tgz",
            "integrity": "sha512-Y38VPSHcqkFrCpFnQ9vuSXmquuv5oXOKpGeT6aGrr3o3Gc9AlVa6JBfUSOCnbxGGZF+/0ooI7KrPuUSztUdU5A==",
            "dependencies": {
                "ansi-regex": "^5.0.1"
            },
            "engines": {
                "node": ">=8"
            }
        },
        "node_modules/table-parser-base": {
            "version": "0.0.5",
            "resolved": "https://registry.npmjs.org/table-parser-base/-/table-parser-base-0.0.5.tgz",
            "integrity": "sha512-f3+/0kdrIVLY1E+TO2cTCuWiOWKTm4GMtCHyVsQutpSHobYYedQu+PTVwT08FOmOglWMvP0NFN+WISdYDAb2Lg==",
            "dependencies": {
                "@types/node": "^14.6.0",
                "advanced-map-initialized": "^0.0.4",
                "iter-tools": "^6.2.6",
                "tslib": "^2.0.1"
            }
        },
        "node_modules/truncate-utf8-bytes": {
            "version": "1.0.2",
            "resolved": "https://registry.npmjs.org/truncate-utf8-bytes/-/truncate-utf8-bytes-1.0.2.tgz",
            "integrity": "sha1-QFkjkJWS1W94pYGENLC3hInKXys=",
            "dependencies": {
                "utf8-byte-length": "^1.0.1"
            }
        },
        "node_modules/tslib": {
            "version": "2.3.1",
            "resolved": "https://registry.npmjs.org/tslib/-/tslib-2.3.1.tgz",
            "integrity": "sha512-77EbyPPpMz+FRFRuAFlWMtmgUWGe9UOG2Z25NqCwiIjRhOf5iKGuzSe5P2w1laq+FkRy4p+PCuVkJSGkzTEKVw=="
        },
        "node_modules/typescript-compare": {
            "version": "0.0.2",
            "resolved": "https://registry.npmjs.org/typescript-compare/-/typescript-compare-0.0.2.tgz",
            "integrity": "sha512-8ja4j7pMHkfLJQO2/8tut7ub+J3Lw2S3061eJLFQcvs3tsmJKp8KG5NtpLn7KcY2w08edF74BSVN7qJS0U6oHA==",
            "dependencies": {
                "typescript-logic": "^0.0.0"
            }
        },
        "node_modules/typescript-logic": {
            "version": "0.0.0",
            "resolved": "https://registry.npmjs.org/typescript-logic/-/typescript-logic-0.0.0.tgz",
            "integrity": "sha512-zXFars5LUkI3zP492ls0VskH3TtdeHCqu0i7/duGt60i5IGPIpAHE/DWo5FqJ6EjQ15YKXrt+AETjv60Dat34Q=="
        },
        "node_modules/typescript-miscellaneous": {
            "version": "0.1.1",
            "resolved": "https://registry.npmjs.org/typescript-miscellaneous/-/typescript-miscellaneous-0.1.1.tgz",
            "integrity": "sha512-dyGMilZPOL/qQMlJSWK+SbQyJpf6YZZPmPrbbdHGkAvGUvlhv4kGKTgddXWLxFWHTirR2I0VfD8mSwia3WLGtA==",
            "dependencies": {
                "@types/node": "^10.11.3",
                "tslib": "^1.9.3"
            },
            "engines": {
                "node": ">= 8.9.0",
                "typescript": ">= 3.0.0"
            }
        },
        "node_modules/typescript-miscellaneous/node_modules/@types/node": {
            "version": "10.17.60",
            "resolved": "https://registry.npmjs.org/@types/node/-/node-10.17.60.tgz",
            "integrity": "sha512-F0KIgDJfy2nA3zMLmWGKxcH2ZVEtCZXHHdOQs2gSaQ27+lNeEfGxzkIw90aXswATX7AZ33tahPbzy6KAfUreVw=="
        },
        "node_modules/typescript-miscellaneous/node_modules/tslib": {
            "version": "1.14.1",
            "resolved": "https://registry.npmjs.org/tslib/-/tslib-1.14.1.tgz",
            "integrity": "sha512-Xni35NKzjgMrwevysHTCArtLDpPvye8zV/0E4EyYn43P7/7qvQwPh9BGkHewbMulVntbigmcT7rdX3BNo9wRJg=="
        },
        "node_modules/typescript-tuple": {
            "version": "2.2.1",
            "resolved": "https://registry.npmjs.org/typescript-tuple/-/typescript-tuple-2.2.1.tgz",
            "integrity": "sha512-Zcr0lbt8z5ZdEzERHAMAniTiIKerFCMgd7yjq1fPnDJ43et/k9twIFQMUYff9k5oXcsQ0WpvFcgzK2ZKASoW6Q==",
            "dependencies": {
                "typescript-compare": "^0.0.2"
            }
        },
        "node_modules/typescript-union": {
            "version": "0.1.2",
            "resolved": "https://registry.npmjs.org/typescript-union/-/typescript-union-0.1.2.tgz",
            "integrity": "sha512-pzfdtUZ8teglF69/dllzgd6yV7ikoszPHVyOkl4WGICRhTJgCTwL3+ZnnF/hvII536VbsNMQfd9GmLBNhtsmgg==",
            "dependencies": {
                "typescript-tuple": "^2.2.1",
                "utility-types": "^3.4.1"
            }
        },
        "node_modules/utf8-byte-length": {
            "version": "1.0.4",
            "resolved": "https://registry.npmjs.org/utf8-byte-length/-/utf8-byte-length-1.0.4.tgz",
            "integrity": "sha1-9F8VDExm7uloGGUFq5P8u4rWv2E="
        },
        "node_modules/utility-types": {
            "version": "3.10.0",
            "resolved": "https://registry.npmjs.org/utility-types/-/utility-types-3.10.0.tgz",
            "integrity": "sha512-O11mqxmi7wMKCo6HKFt5AhO4BwY3VV68YU07tgxfz8zJTIxr4BpsezN49Ffwy9j3ZpwwJp4fkRwjRzq3uWE6Rg==",
            "engines": {
                "node": ">= 4"
            }
        },
        "node_modules/wrap-ansi": {
            "version": "7.0.0",
            "resolved": "https://registry.npmjs.org/wrap-ansi/-/wrap-ansi-7.0.0.tgz",
            "integrity": "sha512-YVGIj2kamLSTxw6NsZjoBxfSwsn0ycdesmc4p+Q21c5zPuZ1pl+NfxVdxPtdHvmNVOQ6XSYG4AUtyt/Fi7D16Q==",
            "dependencies": {
                "ansi-styles": "^4.0.0",
                "string-width": "^4.1.0",
                "strip-ansi": "^6.0.0"
            },
            "engines": {
                "node": ">=10"
            },
            "funding": {
                "url": "https://github.com/chalk/wrap-ansi?sponsor=1"
            }
        },
        "node_modules/y18n": {
            "version": "5.0.8",
            "resolved": "https://registry.npmjs.org/y18n/-/y18n-5.0.8.tgz",
            "integrity": "sha512-0pfFzegeDWJHJIAmTLRP2DwHjdF5s7jo9tuztdQxAhINCdvS+3nGINqPd00AphqJR/0LhANUS6/+7SCb98YOfA==",
            "engines": {
                "node": ">=10"
            }
        },
        "node_modules/yargs": {
            "version": "17.3.1",
            "resolved": "https://registry.npmjs.org/yargs/-/yargs-17.3.1.tgz",
            "integrity": "sha512-WUANQeVgjLbNsEmGk20f+nlHgOqzRFpiGWVaBrYGYIGANIIu3lWjoyi0fNlFmJkvfhCZ6BXINe7/W2O2bV4iaA==",
            "dependencies": {
                "cliui": "^7.0.2",
                "escalade": "^3.1.1",
                "get-caller-file": "^2.0.5",
                "require-directory": "^2.1.1",
                "string-width": "^4.2.3",
                "y18n": "^5.0.5",
                "yargs-parser": "^21.0.0"
            },
            "engines": {
                "node": ">=12"
            }
        },
        "node_modules/yargs-parser": {
            "version": "21.0.0",
            "resolved": "https://registry.npmjs.org/yargs-parser/-/yargs-parser-21.0.0.tgz",
            "integrity": "sha512-z9kApYUOCwoeZ78rfRYYWdiU/iNL6mwwYlkkZfJoyMR1xps+NEBX5X7XmRpxkZHhXJ6+Ey00IwKxBBSW9FIjyA==",
            "engines": {
                "node": ">=12"
            }
        }
    },
    "dependencies": {
        "@babel/runtime": {
            "version": "7.16.7",
            "resolved": "https://registry.npmjs.org/@babel/runtime/-/runtime-7.16.7.tgz",
            "integrity": "sha512-9E9FJowqAsytyOY6LG+1KuueckRL+aQW+mKvXRXnuFGyRAyepJPmEo9vgMfXUA6O9u3IeEdv9MAkppFcaQwogQ==",
            "requires": {
                "regenerator-runtime": "^0.13.4"
            }
        },
        "@babel/runtime-corejs2": {
            "version": "7.16.7",
            "resolved": "https://registry.npmjs.org/@babel/runtime-corejs2/-/runtime-corejs2-7.16.7.tgz",
            "integrity": "sha512-ec0BM0J/9M5Cncha++AlgvvDlk+uM+m6f7K0t74ClcYzsE8LgX4RstRreksMSCI82o3LJS//UswmA0pUWkJpqg==",
            "requires": {
                "core-js": "^2.6.5",
                "regenerator-runtime": "^0.13.4"
            }
        },
        "@types/node": {
            "version": "14.18.4",
            "resolved": "https://registry.npmjs.org/@types/node/-/node-14.18.4.tgz",
            "integrity": "sha512-swe3lD4izOJWHuxvsZdDFRq6S9i6koJsXOnQKYekhSO5JTizMVirUFgY/bUsaOJQj8oSD4oxmRYPBM/0b6jpdw=="
        },
        "advanced-map-base": {
            "version": "0.0.4",
            "resolved": "https://registry.npmjs.org/advanced-map-base/-/advanced-map-base-0.0.4.tgz",
            "integrity": "sha512-auTlMKEPMll9I6InsV7XNbDRfTra8u9kBd73/rSe0VuzYFFyAU5mb41wpV8Urs/1CYb+ysE+FetN6zRxfhC0EQ==",
            "requires": {
                "@types/node": "^13.1.6",
                "advanced-map-types": "^0.0.4",
                "tslib": "^1.10.0",
                "typescript-miscellaneous": "^0.1.1"
            },
            "dependencies": {
                "@types/node": {
                    "version": "13.13.52",
                    "resolved": "https://registry.npmjs.org/@types/node/-/node-13.13.52.tgz",
                    "integrity": "sha512-s3nugnZumCC//n4moGGe6tkNMyYEdaDBitVjwPxXmR5lnMG5dHePinH2EdxkG3Rh1ghFHHixAG4NJhpJW1rthQ=="
                },
                "tslib": {
                    "version": "1.14.1",
                    "resolved": "https://registry.npmjs.org/tslib/-/tslib-1.14.1.tgz",
                    "integrity": "sha512-Xni35NKzjgMrwevysHTCArtLDpPvye8zV/0E4EyYn43P7/7qvQwPh9BGkHewbMulVntbigmcT7rdX3BNo9wRJg=="
                }
            }
        },
        "advanced-map-initialized": {
            "version": "0.0.4",
            "resolved": "https://registry.npmjs.org/advanced-map-initialized/-/advanced-map-initialized-0.0.4.tgz",
            "integrity": "sha512-mvPQ6Q1ZwUZ3Uwseh/8jog/PC2E6OmmpUYir5+eGkBw0eoMYAF880qYL1NTIS9k5jW1NExyV2ADoqVLzZ4pePA==",
            "requires": {
                "@types/node": "^13.1.6",
                "advanced-map-base": "^0.0.4",
                "advanced-map-types": "^0.0.4",
                "tslib": "^1.10.0"
            },
            "dependencies": {
                "@types/node": {
                    "version": "13.13.52",
                    "resolved": "https://registry.npmjs.org/@types/node/-/node-13.13.52.tgz",
                    "integrity": "sha512-s3nugnZumCC//n4moGGe6tkNMyYEdaDBitVjwPxXmR5lnMG5dHePinH2EdxkG3Rh1ghFHHixAG4NJhpJW1rthQ=="
                },
                "tslib": {
                    "version": "1.14.1",
                    "resolved": "https://registry.npmjs.org/tslib/-/tslib-1.14.1.tgz",
                    "integrity": "sha512-Xni35NKzjgMrwevysHTCArtLDpPvye8zV/0E4EyYn43P7/7qvQwPh9BGkHewbMulVntbigmcT7rdX3BNo9wRJg=="
                }
            }
        },
        "advanced-map-types": {
            "version": "0.0.4",
            "resolved": "https://registry.npmjs.org/advanced-map-types/-/advanced-map-types-0.0.4.tgz",
            "integrity": "sha512-1z2ags9Y3SbsvRBsANA60J8HGfWeEOnrFwavN72EIQVCt/iFB6fujjvf8dwER7Xpo7tttPfxWxnLnvCiFHU7hA==",
            "requires": {
                "@types/node": "^13.1.6",
                "tslib": "^1.10.0",
                "typescript-miscellaneous": "^0.1.1"
            },
            "dependencies": {
                "@types/node": {
                    "version": "13.13.52",
                    "resolved": "https://registry.npmjs.org/@types/node/-/node-13.13.52.tgz",
                    "integrity": "sha512-s3nugnZumCC//n4moGGe6tkNMyYEdaDBitVjwPxXmR5lnMG5dHePinH2EdxkG3Rh1ghFHHixAG4NJhpJW1rthQ=="
                },
                "tslib": {
                    "version": "1.14.1",
                    "resolved": "https://registry.npmjs.org/tslib/-/tslib-1.14.1.tgz",
                    "integrity": "sha512-Xni35NKzjgMrwevysHTCArtLDpPvye8zV/0E4EyYn43P7/7qvQwPh9BGkHewbMulVntbigmcT7rdX3BNo9wRJg=="
                }
            }
        },
        "ansi-regex": {
            "version": "5.0.1",
            "resolved": "https://registry.npmjs.org/ansi-regex/-/ansi-regex-5.0.1.tgz",
            "integrity": "sha512-quJQXlTSUGL2LH9SUXo8VwsY4soanhgo6LNSm84E1LBcE8s3O0wpdiRzyR9z/ZZJMlMWv37qOOb9pdJlMUEKFQ=="
        },
        "ansi-styles": {
            "version": "4.3.0",
            "resolved": "https://registry.npmjs.org/ansi-styles/-/ansi-styles-4.3.0.tgz",
            "integrity": "sha512-zbB9rCJAT1rbjiVDb2hqKFHNYLxgtk8NURxZ3IZwD3F6NtxbXZQCnnSi1Lkx+IDohdPlFp222wVALIheZJQSEg==",
            "requires": {
                "color-convert": "^2.0.1"
            }
        },
        "cliui": {
            "version": "7.0.4",
            "resolved": "https://registry.npmjs.org/cliui/-/cliui-7.0.4.tgz",
            "integrity": "sha512-OcRE68cOsVMXp1Yvonl/fzkQOyjLSu/8bhPDfQt0e0/Eb283TKP20Fs2MqoPsr9SwA595rRCA+QMzYc9nBP+JQ==",
            "requires": {
                "string-width": "^4.2.0",
                "strip-ansi": "^6.0.0",
                "wrap-ansi": "^7.0.0"
            }
        },
        "color-convert": {
            "version": "2.0.1",
            "resolved": "https://registry.npmjs.org/color-convert/-/color-convert-2.0.1.tgz",
            "integrity": "sha512-RRECPsj7iu/xb5oKYcsFHSppFNnsj/52OVTRKb4zP5onXwVF3zVmmToNcOfGC+CRDpfK/U584fMg38ZHCaElKQ==",
            "requires": {
                "color-name": "~1.1.4"
            }
        },
        "color-name": {
            "version": "1.1.4",
            "resolved": "https://registry.npmjs.org/color-name/-/color-name-1.1.4.tgz",
            "integrity": "sha512-dOy+3AuW3a2wNbZHIuMZpTcgjGuLU/uBL/ubcZF9OXbDo8ff4O8yVp5Bf0efS8uEoYo5q4Fx7dY9OgQGXgAsQA=="
        },
        "core-js": {
            "version": "2.6.12",
            "resolved": "https://registry.npmjs.org/core-js/-/core-js-2.6.12.tgz",
            "integrity": "sha512-Kb2wC0fvsWfQrgk8HU5lW6U/Lcs8+9aaYcy4ZFc6DDlo4nZ7n70dEgE5rtR0oG6ufKDUnrwfWL1mXR5ljDatrQ=="
        },
        "dequeue": {
            "version": "1.0.5",
            "resolved": "https://registry.npmjs.org/dequeue/-/dequeue-1.0.5.tgz",
            "integrity": "sha1-EPHO8H4yNLIdyzj0v6LWYDSrZ8c="
        },
        "emoji-regex": {
            "version": "8.0.0",
            "resolved": "https://registry.npmjs.org/emoji-regex/-/emoji-regex-8.0.0.tgz",
            "integrity": "sha512-MSjYzcWNOA0ewAHpz0MxpYFvwg6yjy1NG3xteoqz644VCo/RPgnr1/GGt+ic3iJTzQ8Eu3TdM14SawnVUmGE6A=="
        },
        "escalade": {
            "version": "3.1.1",
            "resolved": "https://registry.npmjs.org/escalade/-/escalade-3.1.1.tgz",
            "integrity": "sha512-k0er2gUkLf8O0zKJiAhmkTnJlTvINGv7ygDNPbeIsX/TJjGJZHuh9B2UxbsaEkmlEo9MfhrSzmhIlhRlI2GXnw=="
        },
        "get-caller-file": {
            "version": "2.0.5",
            "resolved": "https://registry.npmjs.org/get-caller-file/-/get-caller-file-2.0.5.tgz",
            "integrity": "sha512-DyFP3BM/3YHTQOCUL/w0OZHR0lpKeGrxotcHWcqNEdnltqFwXVfhEBQ94eIo34AfQpo0rGki4cyIiftY06h2Fg=="
        },
        "is-fullwidth-code-point": {
            "version": "3.0.0",
            "resolved": "https://registry.npmjs.org/is-fullwidth-code-point/-/is-fullwidth-code-point-3.0.0.tgz",
            "integrity": "sha512-zymm5+u+sCsSWyD9qNaejV3DFvhCKclKdizYaJUuHA83RLjb7nSuGnddCHGv0hk+KY7BMAlsWeK4Ueg6EV6XQg=="
        },
        "iter-tools": {
            "version": "6.2.6",
            "resolved": "https://registry.npmjs.org/iter-tools/-/iter-tools-6.2.6.tgz",
            "integrity": "sha512-DlBSv7cIrM214wYFxyz4vg98BmEpxFTGx37ei/ktYT05shJHoDwz7wuaPx3XhaJi1uGEc5bM+vUBWhm3z6yNIg==",
            "requires": {
                "@babel/runtime": "^7.0.0",
                "@babel/runtime-corejs2": "^7.1.5",
                "dequeue": "^1.0.5",
                "little-ds-toolkit": "^1.1.0",
                "typescript-tuple": "^2.1.0",
                "typescript-union": "^0.1.0",
                "utility-types": "^3.2.1"
            }
        },
        "little-ds-toolkit": {
            "version": "1.1.1",
            "resolved": "https://registry.npmjs.org/little-ds-toolkit/-/little-ds-toolkit-1.1.1.tgz",
            "integrity": "sha512-Zl5flhnd5W6nhRCyoL1bNlU8M5CWFp6SItMmK4pj39LKgzQD7LGg591OJ0jwDKat7mjHvJVkOyJT+BXOQH4iXw=="
        },
        "parse-markdown-table": {
            "version": "0.0.6",
            "resolved": "https://registry.npmjs.org/parse-markdown-table/-/parse-markdown-table-0.0.6.tgz",
            "integrity": "sha512-x0j5JB8qrLa4tBsW9RU4F3ZPPBXMs6fccH7jgLXQhAZrptvv5DaJXtmpKKkZvZYyRAXF6HI83fGUp3RND65Wkg==",
            "requires": {
                "@types/node": "^14.6.0",
                "string-stream-utils": "^0.0.4",
                "table-parser-base": "^0.0.5",
                "tslib": "^2.0.1"
            }
        },
        "regenerator-runtime": {
            "version": "0.13.9",
            "resolved": "https://registry.npmjs.org/regenerator-runtime/-/regenerator-runtime-0.13.9.tgz",
            "integrity": "sha512-p3VT+cOEgxFsRRA9X4lkI1E+k2/CtnKtU4gcxyaCUreilL/vqI6CdZ3wxVUx3UOUg+gnUOQQcRI7BmSI656MYA=="
        },
        "require-directory": {
            "version": "2.1.1",
            "resolved": "https://registry.npmjs.org/require-directory/-/require-directory-2.1.1.tgz",
            "integrity": "sha1-jGStX9MNqxyXbiNE/+f3kqam30I="
        },
        "sanitize-filename": {
            "version": "1.6.3",
            "resolved": "https://registry.npmjs.org/sanitize-filename/-/sanitize-filename-1.6.3.tgz",
            "integrity": "sha512-y/52Mcy7aw3gRm7IrcGDFx/bCk4AhRh2eI9luHOQM86nZsqwiRkkq2GekHXBBD+SmPidc8i2PqtYZl+pWJ8Oeg==",
            "requires": {
                "truncate-utf8-bytes": "^1.0.0"
            }
        },
        "string-stream-utils": {
            "version": "0.0.4",
            "resolved": "https://registry.npmjs.org/string-stream-utils/-/string-stream-utils-0.0.4.tgz",
            "integrity": "sha512-G3lY8tnUvOlefwxMZRjk6grELUfyvUwejx4v0AMY6medG+flO+XmpKlRJwgSDsYugezgVCzX/8mqpLl5fC7MpQ==",
            "requires": {
                "@types/node": "^14.6.0",
                "tslib": "^2.0.1"
            }
        },
        "string-width": {
            "version": "4.2.3",
            "resolved": "https://registry.npmjs.org/string-width/-/string-width-4.2.3.tgz",
            "integrity": "sha512-wKyQRQpjJ0sIp62ErSZdGsjMJWsap5oRNihHhu6G7JVO/9jIB6UyevL+tXuOqrng8j/cxKTWyWUwvSTriiZz/g==",
            "requires": {
                "emoji-regex": "^8.0.0",
                "is-fullwidth-code-point": "^3.0.0",
                "strip-ansi": "^6.0.1"
            }
        },
        "strip-ansi": {
            "version": "6.0.1",
            "resolved": "https://registry.npmjs.org/strip-ansi/-/strip-ansi-6.0.1.tgz",
            "integrity": "sha512-Y38VPSHcqkFrCpFnQ9vuSXmquuv5oXOKpGeT6aGrr3o3Gc9AlVa6JBfUSOCnbxGGZF+/0ooI7KrPuUSztUdU5A==",
            "requires": {
                "ansi-regex": "^5.0.1"
            }
        },
        "table-parser-base": {
            "version": "0.0.5",
            "resolved": "https://registry.npmjs.org/table-parser-base/-/table-parser-base-0.0.5.tgz",
            "integrity": "sha512-f3+/0kdrIVLY1E+TO2cTCuWiOWKTm4GMtCHyVsQutpSHobYYedQu+PTVwT08FOmOglWMvP0NFN+WISdYDAb2Lg==",
            "requires": {
                "@types/node": "^14.6.0",
                "advanced-map-initialized": "^0.0.4",
                "iter-tools": "^6.2.6",
                "tslib": "^2.0.1"
            }
        },
        "truncate-utf8-bytes": {
            "version": "1.0.2",
            "resolved": "https://registry.npmjs.org/truncate-utf8-bytes/-/truncate-utf8-bytes-1.0.2.tgz",
            "integrity": "sha1-QFkjkJWS1W94pYGENLC3hInKXys=",
            "requires": {
                "utf8-byte-length": "^1.0.1"
            }
        },
        "tslib": {
            "version": "2.3.1",
            "resolved": "https://registry.npmjs.org/tslib/-/tslib-2.3.1.tgz",
            "integrity": "sha512-77EbyPPpMz+FRFRuAFlWMtmgUWGe9UOG2Z25NqCwiIjRhOf5iKGuzSe5P2w1laq+FkRy4p+PCuVkJSGkzTEKVw=="
        },
        "typescript-compare": {
            "version": "0.0.2",
            "resolved": "https://registry.npmjs.org/typescript-compare/-/typescript-compare-0.0.2.tgz",
            "integrity": "sha512-8ja4j7pMHkfLJQO2/8tut7ub+J3Lw2S3061eJLFQcvs3tsmJKp8KG5NtpLn7KcY2w08edF74BSVN7qJS0U6oHA==",
            "requires": {
                "typescript-logic": "^0.0.0"
            }
        },
        "typescript-logic": {
            "version": "0.0.0",
            "resolved": "https://registry.npmjs.org/typescript-logic/-/typescript-logic-0.0.0.tgz",
            "integrity": "sha512-zXFars5LUkI3zP492ls0VskH3TtdeHCqu0i7/duGt60i5IGPIpAHE/DWo5FqJ6EjQ15YKXrt+AETjv60Dat34Q=="
        },
        "typescript-miscellaneous": {
            "version": "0.1.1",
            "resolved": "https://registry.npmjs.org/typescript-miscellaneous/-/typescript-miscellaneous-0.1.1.tgz",
            "integrity": "sha512-dyGMilZPOL/qQMlJSWK+SbQyJpf6YZZPmPrbbdHGkAvGUvlhv4kGKTgddXWLxFWHTirR2I0VfD8mSwia3WLGtA==",
            "requires": {
                "@types/node": "^10.11.3",
                "tslib": "^1.9.3"
            },
            "dependencies": {
                "@types/node": {
                    "version": "10.17.60",
                    "resolved": "https://registry.npmjs.org/@types/node/-/node-10.17.60.tgz",
                    "integrity": "sha512-F0KIgDJfy2nA3zMLmWGKxcH2ZVEtCZXHHdOQs2gSaQ27+lNeEfGxzkIw90aXswATX7AZ33tahPbzy6KAfUreVw=="
                },
                "tslib": {
                    "version": "1.14.1",
                    "resolved": "https://registry.npmjs.org/tslib/-/tslib-1.14.1.tgz",
                    "integrity": "sha512-Xni35NKzjgMrwevysHTCArtLDpPvye8zV/0E4EyYn43P7/7qvQwPh9BGkHewbMulVntbigmcT7rdX3BNo9wRJg=="
                }
            }
        },
        "typescript-tuple": {
            "version": "2.2.1",
            "resolved": "https://registry.npmjs.org/typescript-tuple/-/typescript-tuple-2.2.1.tgz",
            "integrity": "sha512-Zcr0lbt8z5ZdEzERHAMAniTiIKerFCMgd7yjq1fPnDJ43et/k9twIFQMUYff9k5oXcsQ0WpvFcgzK2ZKASoW6Q==",
            "requires": {
                "typescript-compare": "^0.0.2"
            }
        },
        "typescript-union": {
            "version": "0.1.2",
            "resolved": "https://registry.npmjs.org/typescript-union/-/typescript-union-0.1.2.tgz",
            "integrity": "sha512-pzfdtUZ8teglF69/dllzgd6yV7ikoszPHVyOkl4WGICRhTJgCTwL3+ZnnF/hvII536VbsNMQfd9GmLBNhtsmgg==",
            "requires": {
                "typescript-tuple": "^2.2.1",
                "utility-types": "^3.4.1"
            }
        },
        "utf8-byte-length": {
            "version": "1.0.4",
            "resolved": "https://registry.npmjs.org/utf8-byte-length/-/utf8-byte-length-1.0.4.tgz",
            "integrity": "sha1-9F8VDExm7uloGGUFq5P8u4rWv2E="
        },
        "utility-types": {
            "version": "3.10.0",
            "resolved": "https://registry.npmjs.org/utility-types/-/utility-types-3.10.0.tgz",
            "integrity": "sha512-O11mqxmi7wMKCo6HKFt5AhO4BwY3VV68YU07tgxfz8zJTIxr4BpsezN49Ffwy9j3ZpwwJp4fkRwjRzq3uWE6Rg=="
        },
        "wrap-ansi": {
            "version": "7.0.0",
            "resolved": "https://registry.npmjs.org/wrap-ansi/-/wrap-ansi-7.0.0.tgz",
            "integrity": "sha512-YVGIj2kamLSTxw6NsZjoBxfSwsn0ycdesmc4p+Q21c5zPuZ1pl+NfxVdxPtdHvmNVOQ6XSYG4AUtyt/Fi7D16Q==",
            "requires": {
                "ansi-styles": "^4.0.0",
                "string-width": "^4.1.0",
                "strip-ansi": "^6.0.0"
            }
        },
        "y18n": {
            "version": "5.0.8",
            "resolved": "https://registry.npmjs.org/y18n/-/y18n-5.0.8.tgz",
            "integrity": "sha512-0pfFzegeDWJHJIAmTLRP2DwHjdF5s7jo9tuztdQxAhINCdvS+3nGINqPd00AphqJR/0LhANUS6/+7SCb98YOfA=="
        },
        "yargs": {
            "version": "17.3.1",
            "resolved": "https://registry.npmjs.org/yargs/-/yargs-17.3.1.tgz",
            "integrity": "sha512-WUANQeVgjLbNsEmGk20f+nlHgOqzRFpiGWVaBrYGYIGANIIu3lWjoyi0fNlFmJkvfhCZ6BXINe7/W2O2bV4iaA==",
            "requires": {
                "cliui": "^7.0.2",
                "escalade": "^3.1.1",
                "get-caller-file": "^2.0.5",
                "require-directory": "^2.1.1",
                "string-width": "^4.2.3",
                "y18n": "^5.0.5",
                "yargs-parser": "^21.0.0"
            }
        },
        "yargs-parser": {
            "version": "21.0.0",
            "resolved": "https://registry.npmjs.org/yargs-parser/-/yargs-parser-21.0.0.tgz",
            "integrity": "sha512-z9kApYUOCwoeZ78rfRYYWdiU/iNL6mwwYlkkZfJoyMR1xps+NEBX5X7XmRpxkZHhXJ6+Ey00IwKxBBSW9FIjyA=="
        }
    }
}
